// !$*UTF8*$!
{
	archiveVersion = 1;
	classes = {
	};
	objectVersion = 56;
	objects = {

/* Begin PBXBuildFile section */
		181D6DCA29E4384600D56B8F /* TermsViewController.swift in Sources */ = {isa = PBXBuildFile; fileRef = 181D6DC929E4384600D56B8F /* TermsViewController.swift */; };
		182D9D9329E4151800AA6827 /* GoogleService-Info.plist in Resources */ = {isa = PBXBuildFile; fileRef = 182D9D9229E4151700AA6827 /* GoogleService-Info.plist */; };
		182D9D9729E420FE00AA6827 /* HomeViewController.swift in Sources */ = {isa = PBXBuildFile; fileRef = 182D9D9629E420FE00AA6827 /* HomeViewController.swift */; };
		182D9D9929E4238E00AA6827 /* Utill.swift in Sources */ = {isa = PBXBuildFile; fileRef = 182D9D9829E4238E00AA6827 /* Utill.swift */; };
		1834F2ED29E81DBF00E33059 /* CDUser+CoreDataProperties.swift in Sources */ = {isa = PBXBuildFile; fileRef = 1834F2EC29E81DBF00E33059 /* CDUser+CoreDataProperties.swift */; };
		1834F2EE29E81DBF00E33059 /* CDUser+CoreDataClass.swift in Sources */ = {isa = PBXBuildFile; fileRef = 1834F2EB29E81DBF00E33059 /* CDUser+CoreDataClass.swift */; };
		1834F2F129E81FC000E33059 /* User.swift in Sources */ = {isa = PBXBuildFile; fileRef = 1834F2F029E81FC000E33059 /* User.swift */; };
		183D22E829E53D9F00D5AB04 /* CombineLatestTests.swift in Sources */ = {isa = PBXBuildFile; fileRef = 183D22E729E53D9F00D5AB04 /* CombineLatestTests.swift */; };
		18C1E09E29E560AC006817F4 /* CombineLatestUITests.swift in Sources */ = {isa = PBXBuildFile; fileRef = 18C1E09D29E560AC006817F4 /* CombineLatestUITests.swift */; };
		18C1E0A029E560AC006817F4 /* CombineLatestUITestsLaunchTests.swift in Sources */ = {isa = PBXBuildFile; fileRef = 18C1E09F29E560AC006817F4 /* CombineLatestUITestsLaunchTests.swift */; };
		18C4832A29DD99A1005EAE74 /* AppDelegate.swift in Sources */ = {isa = PBXBuildFile; fileRef = 18C4832929DD99A1005EAE74 /* AppDelegate.swift */; };
		18C4832C29DD99A1005EAE74 /* SceneDelegate.swift in Sources */ = {isa = PBXBuildFile; fileRef = 18C4832B29DD99A1005EAE74 /* SceneDelegate.swift */; };
		18C4832E29DD99A1005EAE74 /* ViewController.swift in Sources */ = {isa = PBXBuildFile; fileRef = 18C4832D29DD99A1005EAE74 /* ViewController.swift */; };
		18C4833129DD99A1005EAE74 /* Main.storyboard in Resources */ = {isa = PBXBuildFile; fileRef = 18C4832F29DD99A1005EAE74 /* Main.storyboard */; };
		18C4833329DD99A6005EAE74 /* Assets.xcassets in Resources */ = {isa = PBXBuildFile; fileRef = 18C4833229DD99A6005EAE74 /* Assets.xcassets */; };
		18C4833629DD99A6005EAE74 /* LaunchScreen.storyboard in Resources */ = {isa = PBXBuildFile; fileRef = 18C4833429DD99A6005EAE74 /* LaunchScreen.storyboard */; };
		18C4833F29DD9E4F005EAE74 /* PasswordTextField.swift in Sources */ = {isa = PBXBuildFile; fileRef = 18C4833E29DD9E4F005EAE74 /* PasswordTextField.swift */; };
		18C4834129DDAE59005EAE74 /* LogInViewModel.swift in Sources */ = {isa = PBXBuildFile; fileRef = 18C4834029DDAE59005EAE74 /* LogInViewModel.swift */; };
		18D6845A29E812A000B459D7 /* CombineLatestCoreData.xcdatamodeld in Sources */ = {isa = PBXBuildFile; fileRef = 18D6845829E812A000B459D7 /* CombineLatestCoreData.xcdatamodeld */; };
		18D6846229E8148C00B459D7 /* CoreDataHelper.swift in Sources */ = {isa = PBXBuildFile; fileRef = 18D6846129E8148C00B459D7 /* CoreDataHelper.swift */; };
		EFBCBA5B6BCFE28F447D83ED /* Pods_CombineLatest.framework in Frameworks */ = {isa = PBXBuildFile; fileRef = 4E10D3F9B0E3C1BA887A4E99 /* Pods_CombineLatest.framework */; };
/* End PBXBuildFile section */

/* Begin PBXContainerItemProxy section */
		183D22E929E53D9F00D5AB04 /* PBXContainerItemProxy */ = {
			isa = PBXContainerItemProxy;
			containerPortal = 18C4831E29DD99A1005EAE74 /* Project object */;
			proxyType = 1;
			remoteGlobalIDString = 18C4832529DD99A1005EAE74;
			remoteInfo = CombineLatest;
		};
		18C1E0A129E560AC006817F4 /* PBXContainerItemProxy */ = {
			isa = PBXContainerItemProxy;
			containerPortal = 18C4831E29DD99A1005EAE74 /* Project object */;
			proxyType = 1;
			remoteGlobalIDString = 18C4832529DD99A1005EAE74;
			remoteInfo = CombineLatest;
		};
/* End PBXContainerItemProxy section */

/* Begin PBXFileReference section */
		181D6DC929E4384600D56B8F /* TermsViewController.swift */ = {isa = PBXFileReference; lastKnownFileType = sourcecode.swift; path = TermsViewController.swift; sourceTree = "<group>"; };
		182D9D9229E4151700AA6827 /* GoogleService-Info.plist */ = {isa = PBXFileReference; fileEncoding = 4; lastKnownFileType = text.plist.xml; path = "GoogleService-Info.plist"; sourceTree = "<group>"; };
		182D9D9629E420FE00AA6827 /* HomeViewController.swift */ = {isa = PBXFileReference; lastKnownFileType = sourcecode.swift; path = HomeViewController.swift; sourceTree = "<group>"; };
		182D9D9829E4238E00AA6827 /* Utill.swift */ = {isa = PBXFileReference; lastKnownFileType = sourcecode.swift; path = Utill.swift; sourceTree = "<group>"; };
		1834F2EB29E81DBF00E33059 /* CDUser+CoreDataClass.swift */ = {isa = PBXFileReference; lastKnownFileType = sourcecode.swift; name = "CDUser+CoreDataClass.swift"; path = "/Users/apple/Documents/Development/Projects/Learning/CombineLatest/CoreDataHelper/CDUser+CoreDataClass.swift"; sourceTree = "<absolute>"; };
		1834F2EC29E81DBF00E33059 /* CDUser+CoreDataProperties.swift */ = {isa = PBXFileReference; lastKnownFileType = sourcecode.swift; name = "CDUser+CoreDataProperties.swift"; path = "/Users/apple/Documents/Development/Projects/Learning/CombineLatest/CoreDataHelper/CDUser+CoreDataProperties.swift"; sourceTree = "<absolute>"; };
		1834F2F029E81FC000E33059 /* User.swift */ = {isa = PBXFileReference; lastKnownFileType = sourcecode.swift; path = User.swift; sourceTree = "<group>"; };
		183D22E529E53D9E00D5AB04 /* CombineLatestTests.xctest */ = {isa = PBXFileReference; explicitFileType = wrapper.cfbundle; includeInIndex = 0; path = CombineLatestTests.xctest; sourceTree = BUILT_PRODUCTS_DIR; };
		183D22E729E53D9F00D5AB04 /* CombineLatestTests.swift */ = {isa = PBXFileReference; lastKnownFileType = sourcecode.swift; path = CombineLatestTests.swift; sourceTree = "<group>"; };
		18C1E09B29E560AC006817F4 /* CombineLatestUITests.xctest */ = {isa = PBXFileReference; explicitFileType = wrapper.cfbundle; includeInIndex = 0; path = CombineLatestUITests.xctest; sourceTree = BUILT_PRODUCTS_DIR; };
		18C1E09D29E560AC006817F4 /* CombineLatestUITests.swift */ = {isa = PBXFileReference; lastKnownFileType = sourcecode.swift; path = CombineLatestUITests.swift; sourceTree = "<group>"; };
		18C1E09F29E560AC006817F4 /* CombineLatestUITestsLaunchTests.swift */ = {isa = PBXFileReference; lastKnownFileType = sourcecode.swift; path = CombineLatestUITestsLaunchTests.swift; sourceTree = "<group>"; };
		18C4832629DD99A1005EAE74 /* CombineLatest.app */ = {isa = PBXFileReference; explicitFileType = wrapper.application; includeInIndex = 0; path = CombineLatest.app; sourceTree = BUILT_PRODUCTS_DIR; };
		18C4832929DD99A1005EAE74 /* AppDelegate.swift */ = {isa = PBXFileReference; lastKnownFileType = sourcecode.swift; path = AppDelegate.swift; sourceTree = "<group>"; };
		18C4832B29DD99A1005EAE74 /* SceneDelegate.swift */ = {isa = PBXFileReference; lastKnownFileType = sourcecode.swift; path = SceneDelegate.swift; sourceTree = "<group>"; };
		18C4832D29DD99A1005EAE74 /* ViewController.swift */ = {isa = PBXFileReference; lastKnownFileType = sourcecode.swift; path = ViewController.swift; sourceTree = "<group>"; };
		18C4833029DD99A1005EAE74 /* Base */ = {isa = PBXFileReference; lastKnownFileType = file.storyboard; name = Base; path = Base.lproj/Main.storyboard; sourceTree = "<group>"; };
		18C4833229DD99A6005EAE74 /* Assets.xcassets */ = {isa = PBXFileReference; lastKnownFileType = folder.assetcatalog; path = Assets.xcassets; sourceTree = "<group>"; };
		18C4833529DD99A6005EAE74 /* Base */ = {isa = PBXFileReference; lastKnownFileType = file.storyboard; name = Base; path = Base.lproj/LaunchScreen.storyboard; sourceTree = "<group>"; };
		18C4833729DD99A6005EAE74 /* Info.plist */ = {isa = PBXFileReference; lastKnownFileType = text.plist.xml; path = Info.plist; sourceTree = "<group>"; };
		18C4833E29DD9E4F005EAE74 /* PasswordTextField.swift */ = {isa = PBXFileReference; fileEncoding = 4; lastKnownFileType = sourcecode.swift; path = PasswordTextField.swift; sourceTree = "<group>"; };
		18C4834029DDAE59005EAE74 /* LogInViewModel.swift */ = {isa = PBXFileReference; lastKnownFileType = sourcecode.swift; path = LogInViewModel.swift; sourceTree = "<group>"; };
		18D6845929E812A000B459D7 /* CombineLatestCoreData.xcdatamodel */ = {isa = PBXFileReference; lastKnownFileType = wrapper.xcdatamodel; path = CombineLatestCoreData.xcdatamodel; sourceTree = "<group>"; };
		18D6846129E8148C00B459D7 /* CoreDataHelper.swift */ = {isa = PBXFileReference; lastKnownFileType = sourcecode.swift; path = CoreDataHelper.swift; sourceTree = "<group>"; };
		3C4829D6F947815730BE5145 /* Pods-CombineLatest.debug.xcconfig */ = {isa = PBXFileReference; includeInIndex = 1; lastKnownFileType = text.xcconfig; name = "Pods-CombineLatest.debug.xcconfig"; path = "Target Support Files/Pods-CombineLatest/Pods-CombineLatest.debug.xcconfig"; sourceTree = "<group>"; };
		4E10D3F9B0E3C1BA887A4E99 /* Pods_CombineLatest.framework */ = {isa = PBXFileReference; explicitFileType = wrapper.framework; includeInIndex = 0; path = Pods_CombineLatest.framework; sourceTree = BUILT_PRODUCTS_DIR; };
		961F22AEB1C0A2D004CF2BC7 /* Pods-CombineLatest.release.xcconfig */ = {isa = PBXFileReference; includeInIndex = 1; lastKnownFileType = text.xcconfig; name = "Pods-CombineLatest.release.xcconfig"; path = "Target Support Files/Pods-CombineLatest/Pods-CombineLatest.release.xcconfig"; sourceTree = "<group>"; };
/* End PBXFileReference section */

/* Begin PBXFrameworksBuildPhase section */
		183D22E229E53D9E00D5AB04 /* Frameworks */ = {
			isa = PBXFrameworksBuildPhase;
			buildActionMask = 2147483647;
			files = (
			);
			runOnlyForDeploymentPostprocessing = 0;
		};
		18C1E09829E560AC006817F4 /* Frameworks */ = {
			isa = PBXFrameworksBuildPhase;
			buildActionMask = 2147483647;
			files = (
			);
			runOnlyForDeploymentPostprocessing = 0;
		};
		18C4832329DD99A1005EAE74 /* Frameworks */ = {
			isa = PBXFrameworksBuildPhase;
			buildActionMask = 2147483647;
			files = (
				EFBCBA5B6BCFE28F447D83ED /* Pods_CombineLatest.framework in Frameworks */,
			);
			runOnlyForDeploymentPostprocessing = 0;
		};
/* End PBXFrameworksBuildPhase section */

/* Begin PBXGroup section */
		182D9D9429E420CD00AA6827 /* ViewController */ = {
			isa = PBXGroup;
			children = (
				18C4832D29DD99A1005EAE74 /* ViewController.swift */,
				182D9D9629E420FE00AA6827 /* HomeViewController.swift */,
				181D6DC929E4384600D56B8F /* TermsViewController.swift */,
			);
			path = ViewController;
			sourceTree = "<group>";
		};
		182D9D9529E420D900AA6827 /* ViewModel */ = {
			isa = PBXGroup;
			children = (
				18C4834029DDAE59005EAE74 /* LogInViewModel.swift */,
			);
			path = ViewModel;
			sourceTree = "<group>";
		};
		1834F2EF29E81FB600E33059 /* Model */ = {
			isa = PBXGroup;
			children = (
				1834F2F029E81FC000E33059 /* User.swift */,
			);
			path = Model;
			sourceTree = "<group>";
		};
		183D22E629E53D9F00D5AB04 /* CombineLatestTests */ = {
			isa = PBXGroup;
			children = (
				183D22E729E53D9F00D5AB04 /* CombineLatestTests.swift */,
			);
			path = CombineLatestTests;
			sourceTree = "<group>";
		};
		18C1E09C29E560AC006817F4 /* CombineLatestUITests */ = {
			isa = PBXGroup;
			children = (
				18C1E09D29E560AC006817F4 /* CombineLatestUITests.swift */,
				18C1E09F29E560AC006817F4 /* CombineLatestUITestsLaunchTests.swift */,
			);
			path = CombineLatestUITests;
			sourceTree = "<group>";
		};
		18C4831D29DD99A1005EAE74 = {
			isa = PBXGroup;
			children = (
				18C4832829DD99A1005EAE74 /* CombineLatest */,
				18D6845C29E8144400B459D7 /* CoreDataHelper */,
				183D22E629E53D9F00D5AB04 /* CombineLatestTests */,
				18C1E09C29E560AC006817F4 /* CombineLatestUITests */,
				18C4832729DD99A1005EAE74 /* Products */,
				927EC4A4AB72EBC3E464278B /* Pods */,
				C0276A656EA86C8BE8C9F5AD /* Frameworks */,
			);
			sourceTree = "<group>";
		};
		18C4832729DD99A1005EAE74 /* Products */ = {
			isa = PBXGroup;
			children = (
				18C4832629DD99A1005EAE74 /* CombineLatest.app */,
				183D22E529E53D9E00D5AB04 /* CombineLatestTests.xctest */,
				18C1E09B29E560AC006817F4 /* CombineLatestUITests.xctest */,
			);
			name = Products;
			sourceTree = "<group>";
		};
		18C4832829DD99A1005EAE74 /* CombineLatest */ = {
			isa = PBXGroup;
			children = (
				18C4832929DD99A1005EAE74 /* AppDelegate.swift */,
				18C4832B29DD99A1005EAE74 /* SceneDelegate.swift */,
				1834F2EF29E81FB600E33059 /* Model */,
				182D9D9429E420CD00AA6827 /* ViewController */,
				182D9D9529E420D900AA6827 /* ViewModel */,
				18C4833D29DD9E3B005EAE74 /* Utill */,
				18C4832F29DD99A1005EAE74 /* Main.storyboard */,
				18C4833229DD99A6005EAE74 /* Assets.xcassets */,
				18C4833429DD99A6005EAE74 /* LaunchScreen.storyboard */,
				18C4833729DD99A6005EAE74 /* Info.plist */,
				182D9D9229E4151700AA6827 /* GoogleService-Info.plist */,
			);
			path = CombineLatest;
			sourceTree = "<group>";
		};
		18C4833D29DD9E3B005EAE74 /* Utill */ = {
			isa = PBXGroup;
			children = (
				18C4833E29DD9E4F005EAE74 /* PasswordTextField.swift */,
				182D9D9829E4238E00AA6827 /* Utill.swift */,
			);
			path = Utill;
			sourceTree = "<group>";
		};
		18D6845C29E8144400B459D7 /* CoreDataHelper */ = {
			isa = PBXGroup;
			children = (
				1834F2EB29E81DBF00E33059 /* CDUser+CoreDataClass.swift */,
				1834F2EC29E81DBF00E33059 /* CDUser+CoreDataProperties.swift */,
				18D6845829E812A000B459D7 /* CombineLatestCoreData.xcdatamodeld */,
				18D6846129E8148C00B459D7 /* CoreDataHelper.swift */,
			);
			path = CoreDataHelper;
			sourceTree = "<group>";
		};
		927EC4A4AB72EBC3E464278B /* Pods */ = {
			isa = PBXGroup;
			children = (
				3C4829D6F947815730BE5145 /* Pods-CombineLatest.debug.xcconfig */,
				961F22AEB1C0A2D004CF2BC7 /* Pods-CombineLatest.release.xcconfig */,
			);
			path = Pods;
			sourceTree = "<group>";
		};
		C0276A656EA86C8BE8C9F5AD /* Frameworks */ = {
			isa = PBXGroup;
			children = (
				4E10D3F9B0E3C1BA887A4E99 /* Pods_CombineLatest.framework */,
			);
			name = Frameworks;
			sourceTree = "<group>";
		};
/* End PBXGroup section */

/* Begin PBXNativeTarget section */
		183D22E429E53D9E00D5AB04 /* CombineLatestTests */ = {
			isa = PBXNativeTarget;
			buildConfigurationList = 183D22EB29E53D9F00D5AB04 /* Build configuration list for PBXNativeTarget "CombineLatestTests" */;
			buildPhases = (
				183D22E129E53D9E00D5AB04 /* Sources */,
				183D22E229E53D9E00D5AB04 /* Frameworks */,
				183D22E329E53D9E00D5AB04 /* Resources */,
			);
			buildRules = (
			);
			dependencies = (
				183D22EA29E53D9F00D5AB04 /* PBXTargetDependency */,
			);
			name = CombineLatestTests;
			productName = CombineLatestTests;
			productReference = 183D22E529E53D9E00D5AB04 /* CombineLatestTests.xctest */;
			productType = "com.apple.product-type.bundle.unit-test";
		};
		18C1E09A29E560AC006817F4 /* CombineLatestUITests */ = {
			isa = PBXNativeTarget;
			buildConfigurationList = 18C1E0A529E560AD006817F4 /* Build configuration list for PBXNativeTarget "CombineLatestUITests" */;
			buildPhases = (
				18C1E09729E560AC006817F4 /* Sources */,
				18C1E09829E560AC006817F4 /* Frameworks */,
				18C1E09929E560AC006817F4 /* Resources */,
			);
			buildRules = (
			);
			dependencies = (
				18C1E0A229E560AC006817F4 /* PBXTargetDependency */,
			);
			name = CombineLatestUITests;
			productName = CombineLatestUITests;
			productReference = 18C1E09B29E560AC006817F4 /* CombineLatestUITests.xctest */;
			productType = "com.apple.product-type.bundle.ui-testing";
		};
		18C4832529DD99A1005EAE74 /* CombineLatest */ = {
			isa = PBXNativeTarget;
			buildConfigurationList = 18C4833A29DD99A6005EAE74 /* Build configuration list for PBXNativeTarget "CombineLatest" */;
			buildPhases = (
				28210A8A178CE5A75C60DA55 /* [CP] Check Pods Manifest.lock */,
				18C4832229DD99A1005EAE74 /* Sources */,
				18C4832329DD99A1005EAE74 /* Frameworks */,
				18C4832429DD99A1005EAE74 /* Resources */,
				B58FB5180BD20A8F3BB76EDB /* [CP] Embed Pods Frameworks */,
			);
			buildRules = (
			);
			dependencies = (
			);
			name = CombineLatest;
			productName = CombineLatest;
			productReference = 18C4832629DD99A1005EAE74 /* CombineLatest.app */;
			productType = "com.apple.product-type.application";
		};
/* End PBXNativeTarget section */

/* Begin PBXProject section */
		18C4831E29DD99A1005EAE74 /* Project object */ = {
			isa = PBXProject;
			attributes = {
				BuildIndependentTargetsInParallel = 1;
				LastSwiftUpdateCheck = 1420;
				LastUpgradeCheck = 1420;
				TargetAttributes = {
					183D22E429E53D9E00D5AB04 = {
						CreatedOnToolsVersion = 14.2;
						TestTargetID = 18C4832529DD99A1005EAE74;
					};
					18C1E09A29E560AC006817F4 = {
						CreatedOnToolsVersion = 14.2;
						TestTargetID = 18C4832529DD99A1005EAE74;
					};
					18C4832529DD99A1005EAE74 = {
						CreatedOnToolsVersion = 14.2;
					};
				};
			};
			buildConfigurationList = 18C4832129DD99A1005EAE74 /* Build configuration list for PBXProject "CombineLatest" */;
			compatibilityVersion = "Xcode 14.0";
			developmentRegion = en;
			hasScannedForEncodings = 0;
			knownRegions = (
				en,
				Base,
			);
			mainGroup = 18C4831D29DD99A1005EAE74;
			productRefGroup = 18C4832729DD99A1005EAE74 /* Products */;
			projectDirPath = "";
			projectRoot = "";
			targets = (
				18C4832529DD99A1005EAE74 /* CombineLatest */,
				183D22E429E53D9E00D5AB04 /* CombineLatestTests */,
				18C1E09A29E560AC006817F4 /* CombineLatestUITests */,
			);
		};
/* End PBXProject section */

/* Begin PBXResourcesBuildPhase section */
		183D22E329E53D9E00D5AB04 /* Resources */ = {
			isa = PBXResourcesBuildPhase;
			buildActionMask = 2147483647;
			files = (
			);
			runOnlyForDeploymentPostprocessing = 0;
		};
		18C1E09929E560AC006817F4 /* Resources */ = {
			isa = PBXResourcesBuildPhase;
			buildActionMask = 2147483647;
			files = (
			);
			runOnlyForDeploymentPostprocessing = 0;
		};
		18C4832429DD99A1005EAE74 /* Resources */ = {
			isa = PBXResourcesBuildPhase;
			buildActionMask = 2147483647;
			files = (
				18C4833629DD99A6005EAE74 /* LaunchScreen.storyboard in Resources */,
				182D9D9329E4151800AA6827 /* GoogleService-Info.plist in Resources */,
				18C4833329DD99A6005EAE74 /* Assets.xcassets in Resources */,
				18C4833129DD99A1005EAE74 /* Main.storyboard in Resources */,
			);
			runOnlyForDeploymentPostprocessing = 0;
		};
/* End PBXResourcesBuildPhase section */

/* Begin PBXShellScriptBuildPhase section */
		28210A8A178CE5A75C60DA55 /* [CP] Check Pods Manifest.lock */ = {
			isa = PBXShellScriptBuildPhase;
			buildActionMask = 2147483647;
			files = (
			);
			inputFileListPaths = (
			);
			inputPaths = (
				"${PODS_PODFILE_DIR_PATH}/Podfile.lock",
				"${PODS_ROOT}/Manifest.lock",
			);
			name = "[CP] Check Pods Manifest.lock";
			outputFileListPaths = (
			);
			outputPaths = (
				"$(DERIVED_FILE_DIR)/Pods-CombineLatest-checkManifestLockResult.txt",
			);
			runOnlyForDeploymentPostprocessing = 0;
			shellPath = /bin/sh;
			shellScript = "diff \"${PODS_PODFILE_DIR_PATH}/Podfile.lock\" \"${PODS_ROOT}/Manifest.lock\" > /dev/null\nif [ $? != 0 ] ; then\n    # print error to STDERR\n    echo \"error: The sandbox is not in sync with the Podfile.lock. Run 'pod install' or update your CocoaPods installation.\" >&2\n    exit 1\nfi\n# This output is used by Xcode 'outputs' to avoid re-running this script phase.\necho \"SUCCESS\" > \"${SCRIPT_OUTPUT_FILE_0}\"\n";
			showEnvVarsInLog = 0;
		};
		B58FB5180BD20A8F3BB76EDB /* [CP] Embed Pods Frameworks */ = {
			isa = PBXShellScriptBuildPhase;
			buildActionMask = 2147483647;
			files = (
			);
			inputFileListPaths = (
				"${PODS_ROOT}/Target Support Files/Pods-CombineLatest/Pods-CombineLatest-frameworks-${CONFIGURATION}-input-files.xcfilelist",
			);
			name = "[CP] Embed Pods Frameworks";
			outputFileListPaths = (
				"${PODS_ROOT}/Target Support Files/Pods-CombineLatest/Pods-CombineLatest-frameworks-${CONFIGURATION}-output-files.xcfilelist",
			);
			runOnlyForDeploymentPostprocessing = 0;
			shellPath = /bin/sh;
			shellScript = "\"${PODS_ROOT}/Target Support Files/Pods-CombineLatest/Pods-CombineLatest-frameworks.sh\"\n";
			showEnvVarsInLog = 0;
		};
/* End PBXShellScriptBuildPhase section */

/* Begin PBXSourcesBuildPhase section */
		183D22E129E53D9E00D5AB04 /* Sources */ = {
			isa = PBXSourcesBuildPhase;
			buildActionMask = 2147483647;
			files = (
				183D22E829E53D9F00D5AB04 /* CombineLatestTests.swift in Sources */,
			);
			runOnlyForDeploymentPostprocessing = 0;
		};
		18C1E09729E560AC006817F4 /* Sources */ = {
			isa = PBXSourcesBuildPhase;
			buildActionMask = 2147483647;
			files = (
				18C1E09E29E560AC006817F4 /* CombineLatestUITests.swift in Sources */,
				18C1E0A029E560AC006817F4 /* CombineLatestUITestsLaunchTests.swift in Sources */,
			);
			runOnlyForDeploymentPostprocessing = 0;
		};
		18C4832229DD99A1005EAE74 /* Sources */ = {
			isa = PBXSourcesBuildPhase;
			buildActionMask = 2147483647;
			files = (
				1834F2F129E81FC000E33059 /* User.swift in Sources */,
				18C4832E29DD99A1005EAE74 /* ViewController.swift in Sources */,
				18C4834129DDAE59005EAE74 /* LogInViewModel.swift in Sources */,
				18C4832A29DD99A1005EAE74 /* AppDelegate.swift in Sources */,
				18C4833F29DD9E4F005EAE74 /* PasswordTextField.swift in Sources */,
				18D6845A29E812A000B459D7 /* CombineLatestCoreData.xcdatamodeld in Sources */,
				18C4832C29DD99A1005EAE74 /* SceneDelegate.swift in Sources */,
				18D6846229E8148C00B459D7 /* CoreDataHelper.swift in Sources */,
				1834F2ED29E81DBF00E33059 /* CDUser+CoreDataProperties.swift in Sources */,
				182D9D9929E4238E00AA6827 /* Utill.swift in Sources */,
				181D6DCA29E4384600D56B8F /* TermsViewController.swift in Sources */,
				182D9D9729E420FE00AA6827 /* HomeViewController.swift in Sources */,
				1834F2EE29E81DBF00E33059 /* CDUser+CoreDataClass.swift in Sources */,
			);
			runOnlyForDeploymentPostprocessing = 0;
		};
/* End PBXSourcesBuildPhase section */

/* Begin PBXTargetDependency section */
		183D22EA29E53D9F00D5AB04 /* PBXTargetDependency */ = {
			isa = PBXTargetDependency;
			target = 18C4832529DD99A1005EAE74 /* CombineLatest */;
			targetProxy = 183D22E929E53D9F00D5AB04 /* PBXContainerItemProxy */;
		};
		18C1E0A229E560AC006817F4 /* PBXTargetDependency */ = {
			isa = PBXTargetDependency;
			target = 18C4832529DD99A1005EAE74 /* CombineLatest */;
			targetProxy = 18C1E0A129E560AC006817F4 /* PBXContainerItemProxy */;
		};
/* End PBXTargetDependency section */

/* Begin PBXVariantGroup section */
		18C4832F29DD99A1005EAE74 /* Main.storyboard */ = {
			isa = PBXVariantGroup;
			children = (
				18C4833029DD99A1005EAE74 /* Base */,
			);
			name = Main.storyboard;
			sourceTree = "<group>";
		};
		18C4833429DD99A6005EAE74 /* LaunchScreen.storyboard */ = {
			isa = PBXVariantGroup;
			children = (
				18C4833529DD99A6005EAE74 /* Base */,
			);
			name = LaunchScreen.storyboard;
			sourceTree = "<group>";
		};
/* End PBXVariantGroup section */

/* Begin XCBuildConfiguration section */
		183D22EC29E53D9F00D5AB04 /* Debug */ = {
			isa = XCBuildConfiguration;
			buildSettings = {
				BUNDLE_LOADER = "$(TEST_HOST)";
				CODE_SIGN_STYLE = Automatic;
				CURRENT_PROJECT_VERSION = 1;
				DEVELOPMENT_TEAM = U6JS47BKM6;
				GENERATE_INFOPLIST_FILE = YES;
				MARKETING_VERSION = 1.0;
				PRODUCT_BUNDLE_IDENTIFIER = me.darshan.panchal.CombineLatestTests;
				PRODUCT_NAME = "$(TARGET_NAME)";
				SWIFT_EMIT_LOC_STRINGS = NO;
				SWIFT_VERSION = 5.0;
				TARGETED_DEVICE_FAMILY = "1,2";
				TEST_HOST = "$(BUILT_PRODUCTS_DIR)/CombineLatest.app/$(BUNDLE_EXECUTABLE_FOLDER_PATH)/CombineLatest";
			};
			name = Debug;
		};
		183D22ED29E53D9F00D5AB04 /* Release */ = {
			isa = XCBuildConfiguration;
			buildSettings = {
				BUNDLE_LOADER = "$(TEST_HOST)";
				CODE_SIGN_STYLE = Automatic;
				CURRENT_PROJECT_VERSION = 1;
				DEVELOPMENT_TEAM = U6JS47BKM6;
				GENERATE_INFOPLIST_FILE = YES;
				MARKETING_VERSION = 1.0;
				PRODUCT_BUNDLE_IDENTIFIER = me.darshan.panchal.CombineLatestTests;
				PRODUCT_NAME = "$(TARGET_NAME)";
				SWIFT_EMIT_LOC_STRINGS = NO;
				SWIFT_VERSION = 5.0;
				TARGETED_DEVICE_FAMILY = "1,2";
				TEST_HOST = "$(BUILT_PRODUCTS_DIR)/CombineLatest.app/$(BUNDLE_EXECUTABLE_FOLDER_PATH)/CombineLatest";
			};
			name = Release;
		};
		18C1E0A329E560AD006817F4 /* Debug */ = {
			isa = XCBuildConfiguration;
			buildSettings = {
				CODE_SIGN_STYLE = Automatic;
				CURRENT_PROJECT_VERSION = 1;
				DEVELOPMENT_TEAM = U6JS47BKM6;
				GENERATE_INFOPLIST_FILE = YES;
				MARKETING_VERSION = 1.0;
				PRODUCT_BUNDLE_IDENTIFIER = me.darshan.panchal.CombineLatestUITests;
				PRODUCT_NAME = "$(TARGET_NAME)";
				SWIFT_EMIT_LOC_STRINGS = NO;
				SWIFT_VERSION = 5.0;
				TARGETED_DEVICE_FAMILY = "1,2";
				TEST_TARGET_NAME = CombineLatest;
			};
			name = Debug;
		};
		18C1E0A429E560AD006817F4 /* Release */ = {
			isa = XCBuildConfiguration;
			buildSettings = {
				CODE_SIGN_STYLE = Automatic;
				CURRENT_PROJECT_VERSION = 1;
				DEVELOPMENT_TEAM = U6JS47BKM6;
				GENERATE_INFOPLIST_FILE = YES;
				MARKETING_VERSION = 1.0;
				PRODUCT_BUNDLE_IDENTIFIER = me.darshan.panchal.CombineLatestUITests;
				PRODUCT_NAME = "$(TARGET_NAME)";
				SWIFT_EMIT_LOC_STRINGS = NO;
				SWIFT_VERSION = 5.0;
				TARGETED_DEVICE_FAMILY = "1,2";
				TEST_TARGET_NAME = CombineLatest;
			};
			name = Release;
		};
		18C4833829DD99A6005EAE74 /* Debug */ = {
			isa = XCBuildConfiguration;
			buildSettings = {
				ALWAYS_SEARCH_USER_PATHS = NO;
				CLANG_ANALYZER_NONNULL = YES;
				CLANG_ANALYZER_NUMBER_OBJECT_CONVERSION = YES_AGGRESSIVE;
				CLANG_CXX_LANGUAGE_STANDARD = "gnu++20";
				CLANG_ENABLE_MODULES = YES;
				CLANG_ENABLE_OBJC_ARC = YES;
				CLANG_ENABLE_OBJC_WEAK = YES;
				CLANG_WARN_BLOCK_CAPTURE_AUTORELEASING = YES;
				CLANG_WARN_BOOL_CONVERSION = YES;
				CLANG_WARN_COMMA = YES;
				CLANG_WARN_CONSTANT_CONVERSION = YES;
				CLANG_WARN_DEPRECATED_OBJC_IMPLEMENTATIONS = YES;
				CLANG_WARN_DIRECT_OBJC_ISA_USAGE = YES_ERROR;
				CLANG_WARN_DOCUMENTATION_COMMENTS = YES;
				CLANG_WARN_EMPTY_BODY = YES;
				CLANG_WARN_ENUM_CONVERSION = YES;
				CLANG_WARN_INFINITE_RECURSION = YES;
				CLANG_WARN_INT_CONVERSION = YES;
				CLANG_WARN_NON_LITERAL_NULL_CONVERSION = YES;
				CLANG_WARN_OBJC_IMPLICIT_RETAIN_SELF = YES;
				CLANG_WARN_OBJC_LITERAL_CONVERSION = YES;
				CLANG_WARN_OBJC_ROOT_CLASS = YES_ERROR;
				CLANG_WARN_QUOTED_INCLUDE_IN_FRAMEWORK_HEADER = YES;
				CLANG_WARN_RANGE_LOOP_ANALYSIS = YES;
				CLANG_WARN_STRICT_PROTOTYPES = YES;
				CLANG_WARN_SUSPICIOUS_MOVE = YES;
				CLANG_WARN_UNGUARDED_AVAILABILITY = YES_AGGRESSIVE;
				CLANG_WARN_UNREACHABLE_CODE = YES;
				CLANG_WARN__DUPLICATE_METHOD_MATCH = YES;
				COPY_PHASE_STRIP = NO;
				DEBUG_INFORMATION_FORMAT = dwarf;
				ENABLE_STRICT_OBJC_MSGSEND = YES;
				ENABLE_TESTABILITY = YES;
				GCC_C_LANGUAGE_STANDARD = gnu11;
				GCC_DYNAMIC_NO_PIC = NO;
				GCC_NO_COMMON_BLOCKS = YES;
				GCC_OPTIMIZATION_LEVEL = 0;
				GCC_PREPROCESSOR_DEFINITIONS = (
					"DEBUG=1",
					"$(inherited)",
				);
				GCC_WARN_64_TO_32_BIT_CONVERSION = YES;
				GCC_WARN_ABOUT_RETURN_TYPE = YES_ERROR;
				GCC_WARN_UNDECLARED_SELECTOR = YES;
				GCC_WARN_UNINITIALIZED_AUTOS = YES_AGGRESSIVE;
				GCC_WARN_UNUSED_FUNCTION = YES;
				GCC_WARN_UNUSED_VARIABLE = YES;
				IPHONEOS_DEPLOYMENT_TARGET = 16.2;
				MTL_ENABLE_DEBUG_INFO = INCLUDE_SOURCE;
				MTL_FAST_MATH = YES;
				ONLY_ACTIVE_ARCH = YES;
				SDKROOT = iphoneos;
				SWIFT_ACTIVE_COMPILATION_CONDITIONS = DEBUG;
				SWIFT_OPTIMIZATION_LEVEL = "-Onone";
			};
			name = Debug;
		};
		18C4833929DD99A6005EAE74 /* Release */ = {
			isa = XCBuildConfiguration;
			buildSettings = {
				ALWAYS_SEARCH_USER_PATHS = NO;
				CLANG_ANALYZER_NONNULL = YES;
				CLANG_ANALYZER_NUMBER_OBJECT_CONVERSION = YES_AGGRESSIVE;
				CLANG_CXX_LANGUAGE_STANDARD = "gnu++20";
				CLANG_ENABLE_MODULES = YES;
				CLANG_ENABLE_OBJC_ARC = YES;
				CLANG_ENABLE_OBJC_WEAK = YES;
				CLANG_WARN_BLOCK_CAPTURE_AUTORELEASING = YES;
				CLANG_WARN_BOOL_CONVERSION = YES;
				CLANG_WARN_COMMA = YES;
				CLANG_WARN_CONSTANT_CONVERSION = YES;
				CLANG_WARN_DEPRECATED_OBJC_IMPLEMENTATIONS = YES;
				CLANG_WARN_DIRECT_OBJC_ISA_USAGE = YES_ERROR;
				CLANG_WARN_DOCUMENTATION_COMMENTS = YES;
				CLANG_WARN_EMPTY_BODY = YES;
				CLANG_WARN_ENUM_CONVERSION = YES;
				CLANG_WARN_INFINITE_RECURSION = YES;
				CLANG_WARN_INT_CONVERSION = YES;
				CLANG_WARN_NON_LITERAL_NULL_CONVERSION = YES;
				CLANG_WARN_OBJC_IMPLICIT_RETAIN_SELF = YES;
				CLANG_WARN_OBJC_LITERAL_CONVERSION = YES;
				CLANG_WARN_OBJC_ROOT_CLASS = YES_ERROR;
				CLANG_WARN_QUOTED_INCLUDE_IN_FRAMEWORK_HEADER = YES;
				CLANG_WARN_RANGE_LOOP_ANALYSIS = YES;
				CLANG_WARN_STRICT_PROTOTYPES = YES;
				CLANG_WARN_SUSPICIOUS_MOVE = YES;
				CLANG_WARN_UNGUARDED_AVAILABILITY = YES_AGGRESSIVE;
				CLANG_WARN_UNREACHABLE_CODE = YES;
				CLANG_WARN__DUPLICATE_METHOD_MATCH = YES;
				COPY_PHASE_STRIP = NO;
				DEBUG_INFORMATION_FORMAT = "dwarf-with-dsym";
				ENABLE_NS_ASSERTIONS = NO;
				ENABLE_STRICT_OBJC_MSGSEND = YES;
				GCC_C_LANGUAGE_STANDARD = gnu11;
				GCC_NO_COMMON_BLOCKS = YES;
				GCC_WARN_64_TO_32_BIT_CONVERSION = YES;
				GCC_WARN_ABOUT_RETURN_TYPE = YES_ERROR;
				GCC_WARN_UNDECLARED_SELECTOR = YES;
				GCC_WARN_UNINITIALIZED_AUTOS = YES_AGGRESSIVE;
				GCC_WARN_UNUSED_FUNCTION = YES;
				GCC_WARN_UNUSED_VARIABLE = YES;
				IPHONEOS_DEPLOYMENT_TARGET = 16.2;
				MTL_ENABLE_DEBUG_INFO = NO;
				MTL_FAST_MATH = YES;
				SDKROOT = iphoneos;
				SWIFT_COMPILATION_MODE = wholemodule;
				SWIFT_OPTIMIZATION_LEVEL = "-O";
				VALIDATE_PRODUCT = YES;
			};
			name = Release;
		};
		18C4833B29DD99A6005EAE74 /* Debug */ = {
			isa = XCBuildConfiguration;
			baseConfigurationReference = 3C4829D6F947815730BE5145 /* Pods-CombineLatest.debug.xcconfig */;
			buildSettings = {
				ASSETCATALOG_COMPILER_APPICON_NAME = AppIcon;
				ASSETCATALOG_COMPILER_GLOBAL_ACCENT_COLOR_NAME = AccentColor;
				CODE_SIGN_STYLE = Automatic;
				CURRENT_PROJECT_VERSION = 1;
				DEVELOPMENT_TEAM = U6JS47BKM6;
				GENERATE_INFOPLIST_FILE = YES;
				INFOPLIST_FILE = CombineLatest/Info.plist;
				INFOPLIST_KEY_UIApplicationSupportsIndirectInputEvents = YES;
				INFOPLIST_KEY_UILaunchStoryboardName = LaunchScreen;
				INFOPLIST_KEY_UIMainStoryboardFile = Main;
				INFOPLIST_KEY_UISupportedInterfaceOrientations = UIInterfaceOrientationPortrait;
				LD_RUNPATH_SEARCH_PATHS = (
					"$(inherited)",
					"@executable_path/Frameworks",
				);
				MARKETING_VERSION = 1.0;
				PRODUCT_BUNDLE_IDENTIFIER = me.darshan.panchal.CombineLatest;
				PRODUCT_NAME = "$(TARGET_NAME)";
				SWIFT_EMIT_LOC_STRINGS = YES;
				SWIFT_VERSION = 5.0;
				TARGETED_DEVICE_FAMILY = "1,2";
			};
			name = Debug;
		};
		18C4833C29DD99A6005EAE74 /* Release */ = {
			isa = XCBuildConfiguration;
			baseConfigurationReference = 961F22AEB1C0A2D004CF2BC7 /* Pods-CombineLatest.release.xcconfig */;
			buildSettings = {
				ASSETCATALOG_COMPILER_APPICON_NAME = AppIcon;
				ASSETCATALOG_COMPILER_GLOBAL_ACCENT_COLOR_NAME = AccentColor;
				CODE_SIGN_STYLE = Automatic;
				CURRENT_PROJECT_VERSION = 1;
				DEVELOPMENT_TEAM = U6JS47BKM6;
				GENERATE_INFOPLIST_FILE = YES;
				INFOPLIST_FILE = CombineLatest/Info.plist;
				INFOPLIST_KEY_UIApplicationSupportsIndirectInputEvents = YES;
				INFOPLIST_KEY_UILaunchStoryboardName = LaunchScreen;
				INFOPLIST_KEY_UIMainStoryboardFile = Main;
				INFOPLIST_KEY_UISupportedInterfaceOrientations = UIInterfaceOrientationPortrait;
				LD_RUNPATH_SEARCH_PATHS = (
					"$(inherited)",
					"@executable_path/Frameworks",
				);
				MARKETING_VERSION = 1.0;
				PRODUCT_BUNDLE_IDENTIFIER = me.darshan.panchal.CombineLatest;
				PRODUCT_NAME = "$(TARGET_NAME)";
				SWIFT_EMIT_LOC_STRINGS = YES;
				SWIFT_VERSION = 5.0;
				TARGETED_DEVICE_FAMILY = "1,2";
			};
			name = Release;
		};
/* End XCBuildConfiguration section */

/* Begin XCConfigurationList section */
		183D22EB29E53D9F00D5AB04 /* Build configuration list for PBXNativeTarget "CombineLatestTests" */ = {
			isa = XCConfigurationList;
			buildConfigurations = (
				183D22EC29E53D9F00D5AB04 /* Debug */,
				183D22ED29E53D9F00D5AB04 /* Release */,
			);
			defaultConfigurationIsVisible = 0;
			defaultConfigurationName = Release;
		};
		18C1E0A529E560AD006817F4 /* Build configuration list for PBXNativeTarget "CombineLatestUITests" */ = {
			isa = XCConfigurationList;
			buildConfigurations = (
				18C1E0A329E560AD006817F4 /* Debug */,
				18C1E0A429E560AD006817F4 /* Release */,
			);
			defaultConfigurationIsVisible = 0;
			defaultConfigurationName = Release;
		};
		18C4832129DD99A1005EAE74 /* Build configuration list for PBXProject "CombineLatest" */ = {
			isa = XCConfigurationList;
			buildConfigurations = (
				18C4833829DD99A6005EAE74 /* Debug */,
				18C4833929DD99A6005EAE74 /* Release */,
			);
			defaultConfigurationIsVisible = 0;
			defaultConfigurationName = Release;
		};
		18C4833A29DD99A6005EAE74 /* Build configuration list for PBXNativeTarget "CombineLatest" */ = {
			isa = XCConfigurationList;
			buildConfigurations = (
				18C4833B29DD99A6005EAE74 /* Debug */,
				18C4833C29DD99A6005EAE74 /* Release */,
			);
			defaultConfigurationIsVisible = 0;
			defaultConfigurationName = Release;
		};
/* End XCConfigurationList section */

/* Begin XCVersionGroup section */
		18D6845829E812A000B459D7 /* CombineLatestCoreData.xcdatamodeld */ = {
			isa = XCVersionGroup;
			children = (
				18D6845929E812A000B459D7 /* CombineLatestCoreData.xcdatamodel */,
			);
			currentVersion = 18D6845929E812A000B459D7 /* CombineLatestCoreData.xcdatamodel */;
			path = CombineLatestCoreData.xcdatamodeld;
			sourceTree = "<group>";
			versionGroupType = wrapper.xcdatamodel;
		};
/* End XCVersionGroup section */
	};
	rootObject = 18C4831E29DD99A1005EAE74 /* Project object */;
}
